{
  "name": "news-analyzer",
  "version": "1.0.0",
  "lockfileVersion": 3,
  "requires": true,
  "packages": {
    "": {
      "name": "news-analyzer",
      "version": "1.0.0",
      "license": "ISC",
      "dependencies": {
        "pnpm": "^10.2.1"
      }
    },
    "node_modules/pnpm": {
      "version": "10.2.1",
      "resolved": "https://registry.npmjs.org/pnpm/-/pnpm-10.2.1.tgz",
      "integrity": "sha512-OYA1x71pbQugsQpojtVYKFMp0n6plIBKUrrZFn2OOnK8uZP5aZWF08old5rGSUnvQidXpsMRAsEquTLly+XMkg==",
      "bin": {
        "pnpm": "bin/pnpm.cjs",
        "pnpx": "bin/pnpx.cjs"
      },
      "engines": {
        "node": ">=18.12"
      },
      "funding": {
        "url": "https://opencollective.com/pnpm"
      }
    }
  }
}
